// !$*UTF8*$!
{
	archiveVersion = 1;
	classes = {
	};
	objectVersion = 50;
	objects = {

/* Begin PBXBuildFile section */
		6AC49F1326EBF9F900BA685D /* AppDelegate.swift in Sources */ = {isa = PBXBuildFile; fileRef = 6AC49F1226EBF9F900BA685D /* AppDelegate.swift */; };
		6AC49F1526EBF9F900BA685D /* SceneDelegate.swift in Sources */ = {isa = PBXBuildFile; fileRef = 6AC49F1426EBF9F900BA685D /* SceneDelegate.swift */; };
		6AC49F1726EBF9F900BA685D /* ViewController.swift in Sources */ = {isa = PBXBuildFile; fileRef = 6AC49F1626EBF9F900BA685D /* ViewController.swift */; };
		6AC49F1A26EBF9F900BA685D /* Main.storyboard in Resources */ = {isa = PBXBuildFile; fileRef = 6AC49F1826EBF9F900BA685D /* Main.storyboard */; };
		6AC49F1D26EBF9FA00BA685D /* CoreDataiOS.xcdatamodeld in Sources */ = {isa = PBXBuildFile; fileRef = 6AC49F1B26EBF9F900BA685D /* CoreDataiOS.xcdatamodeld */; };
		6AC49F1F26EBF9FB00BA685D /* Assets.xcassets in Resources */ = {isa = PBXBuildFile; fileRef = 6AC49F1E26EBF9FB00BA685D /* Assets.xcassets */; };
		6AC49F2226EBF9FB00BA685D /* LaunchScreen.storyboard in Resources */ = {isa = PBXBuildFile; fileRef = 6AC49F2026EBF9FB00BA685D /* LaunchScreen.storyboard */; };
		6AC49F2A26EBFBFC00BA685D /* DetailsViewController.swift in Sources */ = {isa = PBXBuildFile; fileRef = 6AC49F2926EBFBFC00BA685D /* DetailsViewController.swift */; };
/* End PBXBuildFile section */

/* Begin PBXFileReference section */
		6AC49F0F26EBF9F900BA685D /* CoreDataiOS.app */ = {isa = PBXFileReference; explicitFileType = wrapper.application; includeInIndex = 0; path = CoreDataiOS.app; sourceTree = BUILT_PRODUCTS_DIR; };
		6AC49F1226EBF9F900BA685D /* AppDelegate.swift */ = {isa = PBXFileReference; lastKnownFileType = sourcecode.swift; path = AppDelegate.swift; sourceTree = "<group>"; };
		6AC49F1426EBF9F900BA685D /* SceneDelegate.swift */ = {isa = PBXFileReference; lastKnownFileType = sourcecode.swift; path = SceneDelegate.swift; sourceTree = "<group>"; };
		6AC49F1626EBF9F900BA685D /* ViewController.swift */ = {isa = PBXFileReference; lastKnownFileType = sourcecode.swift; path = ViewController.swift; sourceTree = "<group>"; };
		6AC49F1926EBF9F900BA685D /* Base */ = {isa = PBXFileReference; lastKnownFileType = file.storyboard; name = Base; path = Base.lproj/Main.storyboard; sourceTree = "<group>"; };
		6AC49F1C26EBF9FA00BA685D /* CoreDataiOS.xcdatamodel */ = {isa = PBXFileReference; lastKnownFileType = wrapper.xcdatamodel; path = CoreDataiOS.xcdatamodel; sourceTree = "<group>"; };
		6AC49F1E26EBF9FB00BA685D /* Assets.xcassets */ = {isa = PBXFileReference; lastKnownFileType = folder.assetcatalog; path = Assets.xcassets; sourceTree = "<group>"; };
		6AC49F2126EBF9FB00BA685D /* Base */ = {isa = PBXFileReference; lastKnownFileType = file.storyboard; name = Base; path = Base.lproj/LaunchScreen.storyboard; sourceTree = "<group>"; };
		6AC49F2326EBF9FB00BA685D /* Info.plist */ = {isa = PBXFileReference; lastKnownFileType = text.plist.xml; path = Info.plist; sourceTree = "<group>"; };
		6AC49F2926EBFBFC00BA685D /* DetailsViewController.swift */ = {isa = PBXFileReference; lastKnownFileType = sourcecode.swift; path = DetailsViewController.swift; sourceTree = "<group>"; };
/* End PBXFileReference section */

/* Begin PBXFrameworksBuildPhase section */
		6AC49F0C26EBF9F900BA685D /* Frameworks */ = {
			isa = PBXFrameworksBuildPhase;
			buildActionMask = 2147483647;
			files = (
			);
			runOnlyForDeploymentPostprocessing = 0;
		};
/* End PBXFrameworksBuildPhase section */

/* Begin PBXGroup section */
		6AC49F0626EBF9F900BA685D = {
			isa = PBXGroup;
			children = (
				6AC49F1126EBF9F900BA685D /* CoreDataiOS */,
				6AC49F1026EBF9F900BA685D /* Products */,
			);
			sourceTree = "<group>";
		};
		6AC49F1026EBF9F900BA685D /* Products */ = {
			isa = PBXGroup;
			children = (
				6AC49F0F26EBF9F900BA685D /* CoreDataiOS.app */,
			);
			name = Products;
			sourceTree = "<group>";
		};
		6AC49F1126EBF9F900BA685D /* CoreDataiOS */ = {
			isa = PBXGroup;
			children = (
				6AC49F1226EBF9F900BA685D /* AppDelegate.swift */,
				6AC49F1426EBF9F900BA685D /* SceneDelegate.swift */,
				6AC49F1626EBF9F900BA685D /* ViewController.swift */,
				6AC49F1826EBF9F900BA685D /* Main.storyboard */,
				6AC49F1E26EBF9FB00BA685D /* Assets.xcassets */,
				6AC49F2026EBF9FB00BA685D /* LaunchScreen.storyboard */,
				6AC49F2326EBF9FB00BA685D /* Info.plist */,
				6AC49F1B26EBF9F900BA685D /* CoreDataiOS.xcdatamodeld */,
				6AC49F2926EBFBFC00BA685D /* DetailsViewController.swift */,
			);
			path = CoreDataiOS;
			sourceTree = "<group>";
		};
/* End PBXGroup section */

/* Begin PBXNativeTarget section */
		6AC49F0E26EBF9F900BA685D /* CoreDataiOS */ = {
			isa = PBXNativeTarget;
			buildConfigurationList = 6AC49F2626EBF9FB00BA685D /* Build configuration list for PBXNativeTarget "CoreDataiOS" */;
			buildPhases = (
				6AC49F0B26EBF9F900BA685D /* Sources */,
				6AC49F0C26EBF9F900BA685D /* Frameworks */,
				6AC49F0D26EBF9F900BA685D /* Resources */,
			);
			buildRules = (
			);
			dependencies = (
			);
			name = CoreDataiOS;
			productName = CoreDataiOS;
			productReference = 6AC49F0F26EBF9F900BA685D /* CoreDataiOS.app */;
			productType = "com.apple.product-type.application";
		};
/* End PBXNativeTarget section */

/* Begin PBXProject section */
		6AC49F0726EBF9F900BA685D /* Project object */ = {
			isa = PBXProject;
			attributes = {
				LastSwiftUpdateCheck = 1250;
				LastUpgradeCheck = 1250;
				TargetAttributes = {
					6AC49F0E26EBF9F900BA685D = {
						CreatedOnToolsVersion = 12.5.1;
					};
				};
			};
			buildConfigurationList = 6AC49F0A26EBF9F900BA685D /* Build configuration list for PBXProject "CoreDataiOS" */;
			compatibilityVersion = "Xcode 9.3";
			developmentRegion = en;
			hasScannedForEncodings = 0;
			knownRegions = (
				en,
				Base,
			);
			mainGroup = 6AC49F0626EBF9F900BA685D;
			productRefGroup = 6AC49F1026EBF9F900BA685D /* Products */;
			projectDirPath = "";
			projectRoot = "";
			targets = (
				6AC49F0E26EBF9F900BA685D /* CoreDataiOS */,
			);
		};
/* End PBXProject section */

/* Begin PBXResourcesBuildPhase section */
		6AC49F0D26EBF9F900BA685D /* Resources */ = {
			isa = PBXResourcesBuildPhase;
			buildActionMask = 2147483647;
			files = (
				6AC49F2226EBF9FB00BA685D /* LaunchScreen.storyboard in Resources */,
				6AC49F1F26EBF9FB00BA685D /* Assets.xcassets in Resources */,
				6AC49F1A26EBF9F900BA685D /* Main.storyboard in Resources */,
			);
			runOnlyForDeploymentPostprocessing = 0;
		};
/* End PBXResourcesBuildPhase section */

/* Begin PBXSourcesBuildPhase section */
		6AC49F0B26EBF9F900BA685D /* Sources */ = {
			isa = PBXSourcesBuildPhase;
			buildActionMask = 2147483647;
			files = (
				6AC49F1726EBF9F900BA685D /* ViewController.swift in Sources */,
				6AC49F1326EBF9F900BA685D /* AppDelegate.swift in Sources */,
				6AC49F1D26EBF9FA00BA685D /* CoreDataiOS.xcdatamodeld in Sources */,
				6AC49F1526EBF9F900BA685D /* SceneDelegate.swift in Sources */,
				6AC49F2A26EBFBFC00BA685D /* DetailsViewController.swift in Sources */,
			);
			runOnlyForDeploymentPostprocessing = 0;
		};
/* End PBXSourcesBuildPhase section */

/* Begin PBXVariantGroup section */
		6AC49F1826EBF9F900BA685D /* Main.storyboard */ = {
			isa = PBXVariantGroup;
			children = (
				6AC49F1926EBF9F900BA685D /* Base */,
			);
			name = Main.storyboard;
			sourceTree = "<group>";
		};
		6AC49F2026EBF9FB00BA685D /* LaunchScreen.storyboard */ = {
			isa = PBXVariantGroup;
			children = (
				6AC49F2126EBF9FB00BA685D /* Base */,
			);
			name = LaunchScreen.storyboard;
			sourceTree = "<group>";
		};
/* End PBXVariantGroup section */

/* Begin XCBuildConfiguration section */
		6AC49F2426EBF9FB00BA685D /* Debug */ = {
			isa = XCBuildConfiguration;
			buildSettings = {
				ALWAYS_SEARCH_USER_PATHS = NO;
				CLANG_ANALYZER_NONNULL = YES;
				CLANG_ANALYZER_NUMBER_OBJECT_CONVERSION = YES_AGGRESSIVE;
				CLANG_CXX_LANGUAGE_STANDARD = "gnu++14";
				CLANG_CXX_LIBRARY = "libc++";
				CLANG_ENABLE_MODULES = YES;
				CLANG_ENABLE_OBJC_ARC = YES;
				CLANG_ENABLE_OBJC_WEAK = YES;
				CLANG_WARN_BLOCK_CAPTURE_AUTORELEASING = YES;
				CLANG_WARN_BOOL_CONVERSION = YES;
				CLANG_WARN_COMMA = YES;
				CLANG_WARN_CONSTANT_CONVERSION = YES;
				CLANG_WARN_DEPRECATED_OBJC_IMPLEMENTATIONS = YES;
				CLANG_WARN_DIRECT_OBJC_ISA_USAGE = YES_ERROR;
				CLANG_WARN_DOCUMENTATION_COMMENTS = YES;
				CLANG_WARN_EMPTY_BODY = YES;
				CLANG_WARN_ENUM_CONVERSION = YES;
				CLANG_WARN_INFINITE_RECURSION = YES;
				CLANG_WARN_INT_CONVERSION = YES;
				CLANG_WARN_NON_LITERAL_NULL_CONVERSION = YES;
				CLANG_WARN_OBJC_IMPLICIT_RETAIN_SELF = YES;
				CLANG_WARN_OBJC_LITERAL_CONVERSION = YES;
				CLANG_WARN_OBJC_ROOT_CLASS = YES_ERROR;
				CLANG_WARN_QUOTED_INCLUDE_IN_FRAMEWORK_HEADER = YES;
				CLANG_WARN_RANGE_LOOP_ANALYSIS = YES;
				CLANG_WARN_STRICT_PROTOTYPES = YES;
				CLANG_WARN_SUSPICIOUS_MOVE = YES;
				CLANG_WARN_UNGUARDED_AVAILABILITY = YES_AGGRESSIVE;
				CLANG_WARN_UNREACHABLE_CODE = YES;
				CLANG_WARN__DUPLICATE_METHOD_MATCH = YES;
				COPY_PHASE_STRIP = NO;
				DEBUG_INFORMATION_FORMAT = dwarf;
				ENABLE_STRICT_OBJC_MSGSEND = YES;
				ENABLE_TESTABILITY = YES;
				GCC_C_LANGUAGE_STANDARD = gnu11;
				GCC_DYNAMIC_NO_PIC = NO;
				GCC_NO_COMMON_BLOCKS = YES;
				GCC_OPTIMIZATION_LEVEL = 0;
				GCC_PREPROCESSOR_DEFINITIONS = (
					"DEBUG=1",
					"$(inherited)",
				);
				GCC_WARN_64_TO_32_BIT_CONVERSION = YES;
				GCC_WARN_ABOUT_RETURN_TYPE = YES_ERROR;
				GCC_WARN_UNDECLARED_SELECTOR = YES;
				GCC_WARN_UNINITIALIZED_AUTOS = YES_AGGRESSIVE;
				GCC_WARN_UNUSED_FUNCTION = YES;
				GCC_WARN_UNUSED_VARIABLE = YES;
				IPHONEOS_DEPLOYMENT_TARGET = 14.5;
				MTL_ENABLE_DEBUG_INFO = INCLUDE_SOURCE;
				MTL_FAST_MATH = YES;
				ONLY_ACTIVE_ARCH = YES;
				SDKROOT = iphoneos;
				SWIFT_ACTIVE_COMPILATION_CONDITIONS = DEBUG;
				SWIFT_OPTIMIZATION_LEVEL = "-Onone";
			};
			name = Debug;
		};
		6AC49F2526EBF9FB00BA685D /* Release */ = {
			isa = XCBuildConfiguration;
			buildSettings = {
				ALWAYS_SEARCH_USER_PATHS = NO;
				CLANG_ANALYZER_NONNULL = YES;
				CLANG_ANALYZER_NUMBER_OBJECT_CONVERSION = YES_AGGRESSIVE;
				CLANG_CXX_LANGUAGE_STANDARD = "gnu++14";
				CLANG_CXX_LIBRARY = "libc++";
				CLANG_ENABLE_MODULES = YES;
				CLANG_ENABLE_OBJC_ARC = YES;
				CLANG_ENABLE_OBJC_WEAK = YES;
				CLANG_WARN_BLOCK_CAPTURE_AUTORELEASING = YES;
				CLANG_WARN_BOOL_CONVERSION = YES;
				CLANG_WARN_COMMA = YES;
				CLANG_WARN_CONSTANT_CONVERSION = YES;
				CLANG_WARN_DEPRECATED_OBJC_IMPLEMENTATIONS = YES;
				CLANG_WARN_DIRECT_OBJC_ISA_USAGE = YES_ERROR;
				CLANG_WARN_DOCUMENTATION_COMMENTS = YES;
				CLANG_WARN_EMPTY_BODY = YES;
				CLANG_WARN_ENUM_CONVERSION = YES;
				CLANG_WARN_INFINITE_RECURSION = YES;
				CLANG_WARN_INT_CONVERSION = YES;
				CLANG_WARN_NON_LITERAL_NULL_CONVERSION = YES;
				CLANG_WARN_OBJC_IMPLICIT_RETAIN_SELF = YES;
				CLANG_WARN_OBJC_LITERAL_CONVERSION = YES;
				CLANG_WARN_OBJC_ROOT_CLASS = YES_ERROR;
				CLANG_WARN_QUOTED_INCLUDE_IN_FRAMEWORK_HEADER = YES;
				CLANG_WARN_RANGE_LOOP_ANALYSIS = YES;
				CLANG_WARN_STRICT_PROTOTYPES = YES;
				CLANG_WARN_SUSPICIOUS_MOVE = YES;
				CLANG_WARN_UNGUARDED_AVAILABILITY = YES_AGGRESSIVE;
				CLANG_WARN_UNREACHABLE_CODE = YES;
				CLANG_WARN__DUPLICATE_METHOD_MATCH = YES;
				COPY_PHASE_STRIP = NO;
				DEBUG_INFORMATION_FORMAT = "dwarf-with-dsym";
				ENABLE_NS_ASSERTIONS = NO;
				ENABLE_STRICT_OBJC_MSGSEND = YES;
				GCC_C_LANGUAGE_STANDARD = gnu11;
				GCC_NO_COMMON_BLOCKS = YES;
				GCC_WARN_64_TO_32_BIT_CONVERSION = YES;
				GCC_WARN_ABOUT_RETURN_TYPE = YES_ERROR;
				GCC_WARN_UNDECLARED_SELECTOR = YES;
				GCC_WARN_UNINITIALIZED_AUTOS = YES_AGGRESSIVE;
				GCC_WARN_UNUSED_FUNCTION = YES;
				GCC_WARN_UNUSED_VARIABLE = YES;
				IPHONEOS_DEPLOYMENT_TARGET = 14.5;
				MTL_ENABLE_DEBUG_INFO = NO;
				MTL_FAST_MATH = YES;
				SDKROOT = iphoneos;
				SWIFT_COMPILATION_MODE = wholemodule;
				SWIFT_OPTIMIZATION_LEVEL = "-O";
				VALIDATE_PRODUCT = YES;
			};
			name = Release;
		};
		6AC49F2726EBF9FB00BA685D /* Debug */ = {
			isa = XCBuildConfiguration;
			buildSettings = {
				ASSETCATALOG_COMPILER_APPICON_NAME = AppIcon;
				ASSETCATALOG_COMPILER_GLOBAL_ACCENT_COLOR_NAME = AccentColor;
				CODE_SIGN_STYLE = Automatic;
				DEVELOPMENT_TEAM = 82K24NF83L;
				INFOPLIST_FILE = CoreDataiOS/Info.plist;
				LD_RUNPATH_SEARCH_PATHS = (
					"$(inherited)",
					"@executable_path/Frameworks",
				);
				PRODUCT_BUNDLE_IDENTIFIER = com.omercankoc.CoreDataiOS;
				PRODUCT_NAME = "$(TARGET_NAME)";
				SWIFT_VERSION = 5.0;
				TARGETED_DEVICE_FAMILY = "1,2";
			};
			name = Debug;
		};
		6AC49F2826EBF9FB00BA685D /* Release */ = {
			isa = XCBuildConfiguration;
			buildSettings = {
				ASSETCATALOG_COMPILER_APPICON_NAME = AppIcon;
				ASSETCATALOG_COMPILER_GLOBAL_ACCENT_COLOR_NAME = AccentColor;
				CODE_SIGN_STYLE = Automatic;
				DEVELOPMENT_TEAM = 82K24NF83L;
				INFOPLIST_FILE = CoreDataiOS/Info.plist;
				LD_RUNPATH_SEARCH_PATHS = (
					"$(inherited)",
					"@executable_path/Frameworks",
				);
				PRODUCT_BUNDLE_IDENTIFIER = com.omercankoc.CoreDataiOS;
				PRODUCT_NAME = "$(TARGET_NAME)";
				SWIFT_VERSION = 5.0;
				TARGETED_DEVICE_FAMILY = "1,2";
			};
			name = Release;
		};
/* End XCBuildConfiguration section */

/* Begin XCConfigurationList section */
		6AC49F0A26EBF9F900BA685D /* Build configuration list for PBXProject "CoreDataiOS" */ = {
			isa = XCConfigurationList;
			buildConfigurations = (
				6AC49F2426EBF9FB00BA685D /* Debug */,
				6AC49F2526EBF9FB00BA685D /* Release */,
			);
			defaultConfigurationIsVisible = 0;
			defaultConfigurationName = Release;
		};
		6AC49F2626EBF9FB00BA685D /* Build configuration list for PBXNativeTarget "CoreDataiOS" */ = {
			isa = XCConfigurationList;
			buildConfigurations = (
				6AC49F2726EBF9FB00BA685D /* Debug */,
				6AC49F2826EBF9FB00BA685D /* Release */,
			);
			defaultConfigurationIsVisible = 0;
			defaultConfigurationName = Release;
		};
/* End XCConfigurationList section */

/* Begin XCVersionGroup section */
		6AC49F1B26EBF9F900BA685D /* CoreDataiOS.xcdatamodeld */ = {
			isa = XCVersionGroup;
			children = (
				6AC49F1C26EBF9FA00BA685D /* CoreDataiOS.xcdatamodel */,
			);
			currentVersion = 6AC49F1C26EBF9FA00BA685D /* CoreDataiOS.xcdatamodel */;
			path = CoreDataiOS.xcdatamodeld;
			sourceTree = "<group>";
			versionGroupType = wrapper.xcdatamodel;
		};
/* End XCVersionGroup section */
	};
	rootObject = 6AC49F0726EBF9F900BA685D /* Project object */;
}
